
Microsoft Visual Studio Solution File, Format Version 12.00
# Visual Studio Version 16
VisualStudioVersion = 16.0.29613.14
MinimumVisualStudioVersion = 10.0.40219.1
Project("{8BC9CEB8-8B4A-11D0-8D11-00A0C91BC942}") = "Thread_test", "Thread_test\Thread_test.vcxproj", "{52825CA1-58CB-4276-BE16-8515B22305C5}"
EndProject
Project("{8BC9CEB8-8B4A-11D0-8D11-00A0C91BC942}") = "test2", "test2\test2.vcxproj", "{663EEBAF-76D7-477B-8A5F-72EFA6713A0B}"
EndProject
Project("{8BC9CEB8-8B4A-11D0-8D11-00A0C91BC942}") = "test3", "test3\test3.vcxproj", "{21DF808B-279B-4B5B-9AB0-53A071E4A3C0}"
EndProject
Project("{8BC9CEB8-8B4A-11D0-8D11-00A0C91BC942}") = "test4", "test4\test4.vcxproj", "{64B81A39-3746-46D3-B077-1DA449A41CAB}"
EndProject
Project("{8BC9CEB8-8B4A-11D0-8D11-00A0C91BC942}") = "test5", "test5\test5.vcxproj", "{551C6D10-121A-43EA-9BCE-A076DB76D9B1}"
EndProject
Project("{8BC9CEB8-8B4A-11D0-8D11-00A0C91BC942}") = "test6", "test6\test6.vcxproj", "{FDB50A06-800A-44FB-845D-CDE1249594A8}"
EndProject
Project("{8BC9CEB8-8B4A-11D0-8D11-00A0C91BC942}") = "test7", "test7\test7.vcxproj", "{4D1C38BF-4780-4349-8C51-32984FE5DDA9}"
EndProject
Project("{8BC9CEB8-8B4A-11D0-8D11-00A0C91BC942}") = "test8", "test8\test8.vcxproj", "{A80F03D7-92FF-47C2-9C02-C87E2D5A2C70}"
EndProject
Project("{8BC9CEB8-8B4A-11D0-8D11-00A0C91BC942}") = "test9", "test9\test9.vcxproj", "{2726E22E-F856-42B2-A100-10E9DCF99A39}"
EndProject
Project("{8BC9CEB8-8B4A-11D0-8D11-00A0C91BC942}") = "test10", "test10\test10.vcxproj", "{341E734C-DC09-4E7A-97CC-B61CD29AB628}"
EndProject
Project("{8BC9CEB8-8B4A-11D0-8D11-00A0C91BC942}") = "test11", "test11\test11.vcxproj", "{DE921195-5C9E-4C7D-A79B-B40657A0D485}"
EndProject
Project("{8BC9CEB8-8B4A-11D0-8D11-00A0C91BC942}") = "test12", "test12\test12.vcxproj", "{1A74EBD8-696A-42F3-945F-03E66944D877}"
EndProject
Project("{8BC9CEB8-8B4A-11D0-8D11-00A0C91BC942}") = "zhongwenban", "zhongwenban\zhongwenban.vcxproj", "{F53F7C55-17A8-4B03-8823-9960E9912CFE}"
EndProject
Project("{8BC9CEB8-8B4A-11D0-8D11-00A0C91BC942}") = "Project1", "Project1\Project1.vcxproj", "{F8F4478D-A73D-41E1-AAE8-7F64E3FE8ED0}"
EndProject
Project("{8BC9CEB8-8B4A-11D0-8D11-00A0C91BC942}") = "Project2", "Project2\Project2.vcxproj", "{B5F7661B-ADAD-4924-8DFF-0C6FAFE68850}"
EndProject
Project("{8BC9CEB8-8B4A-11D0-8D11-00A0C91BC942}") = "回调", "回调\回调.vcxproj", "{7AB62C81-6D3D-466C-87D4-80A86430D6F0}"
EndProject
Global
	GlobalSection(SolutionConfigurationPlatforms) = preSolution
		Debug|x64 = Debug|x64
		Debug|x86 = Debug|x86
		Release|x64 = Release|x64
		Release|x86 = Release|x86
	EndGlobalSection
	GlobalSection(ProjectConfigurationPlatforms) = postSolution
		{52825CA1-58CB-4276-BE16-8515B22305C5}.Debug|x64.ActiveCfg = Debug|x64
		{52825CA1-58CB-4276-BE16-8515B22305C5}.Debug|x64.Build.0 = Debug|x64
		{52825CA1-58CB-4276-BE16-8515B22305C5}.Debug|x86.ActiveCfg = Debug|Win32
		{52825CA1-58CB-4276-BE16-8515B22305C5}.Debug|x86.Build.0 = Debug|Win32
		{52825CA1-58CB-4276-BE16-8515B22305C5}.Release|x64.ActiveCfg = Release|x64
		{52825CA1-58CB-4276-BE16-8515B22305C5}.Release|x64.Build.0 = Release|x64
		{52825CA1-58CB-4276-BE16-8515B22305C5}.Release|x86.ActiveCfg = Release|Win32
		{52825CA1-58CB-4276-BE16-8515B22305C5}.Release|x86.Build.0 = Release|Win32
		{663EEBAF-76D7-477B-8A5F-72EFA6713A0B}.Debug|x64.ActiveCfg = Debug|x64
		{663EEBAF-76D7-477B-8A5F-72EFA6713A0B}.Debug|x64.Build.0 = Debug|x64
		{663EEBAF-76D7-477B-8A5F-72EFA6713A0B}.Debug|x86.ActiveCfg = Debug|Win32
		{663EEBAF-76D7-477B-8A5F-72EFA6713A0B}.Debug|x86.Build.0 = Debug|Win32
		{663EEBAF-76D7-477B-8A5F-72EFA6713A0B}.Release|x64.ActiveCfg = Release|x64
		{663EEBAF-76D7-477B-8A5F-72EFA6713A0B}.Release|x64.Build.0 = Release|x64
		{663EEBAF-76D7-477B-8A5F-72EFA6713A0B}.Release|x86.ActiveCfg = Release|Win32
		{663EEBAF-76D7-477B-8A5F-72EFA6713A0B}.Release|x86.Build.0 = Release|Win32
		{21DF808B-279B-4B5B-9AB0-53A071E4A3C0}.Debug|x64.ActiveCfg = Debug|x64
		{21DF808B-279B-4B5B-9AB0-53A071E4A3C0}.Debug|x64.Build.0 = Debug|x64
		{21DF808B-279B-4B5B-9AB0-53A071E4A3C0}.Debug|x86.ActiveCfg = Debug|Win32
		{21DF808B-279B-4B5B-9AB0-53A071E4A3C0}.Debug|x86.Build.0 = Debug|Win32
		{21DF808B-279B-4B5B-9AB0-53A071E4A3C0}.Release|x64.ActiveCfg = Release|x64
		{21DF808B-279B-4B5B-9AB0-53A071E4A3C0}.Release|x64.Build.0 = Release|x64
		{21DF808B-279B-4B5B-9AB0-53A071E4A3C0}.Release|x86.ActiveCfg = Release|Win32
		{21DF808B-279B-4B5B-9AB0-53A071E4A3C0}.Release|x86.Build.0 = Release|Win32
		{64B81A39-3746-46D3-B077-1DA449A41CAB}.Debug|x64.ActiveCfg = Debug|x64
		{64B81A39-3746-46D3-B077-1DA449A41CAB}.Debug|x64.Build.0 = Debug|x64
		{64B81A39-3746-46D3-B077-1DA449A41CAB}.Debug|x86.ActiveCfg = Debug|Win32
		{64B81A39-3746-46D3-B077-1DA449A41CAB}.Debug|x86.Build.0 = Debug|Win32
		{64B81A39-3746-46D3-B077-1DA449A41CAB}.Release|x64.ActiveCfg = Release|x64
		{64B81A39-3746-46D3-B077-1DA449A41CAB}.Release|x64.Build.0 = Release|x64
		{64B81A39-3746-46D3-B077-1DA449A41CAB}.Release|x86.ActiveCfg = Release|Win32
		{64B81A39-3746-46D3-B077-1DA449A41CAB}.Release|x86.Build.0 = Release|Win32
		{551C6D10-121A-43EA-9BCE-A076DB76D9B1}.Debug|x64.ActiveCfg = Debug|x64
		{551C6D10-121A-43EA-9BCE-A076DB76D9B1}.Debug|x64.Build.0 = Debug|x64
		{551C6D10-121A-43EA-9BCE-A076DB76D9B1}.Debug|x86.ActiveCfg = Debug|Win32
		{551C6D10-121A-43EA-9BCE-A076DB76D9B1}.Debug|x86.Build.0 = Debug|Win32
		{551C6D10-121A-43EA-9BCE-A076DB76D9B1}.Release|x64.ActiveCfg = Release|x64
		{551C6D10-121A-43EA-9BCE-A076DB76D9B1}.Release|x64.Build.0 = Release|x64
		{551C6D10-121A-43EA-9BCE-A076DB76D9B1}.Release|x86.ActiveCfg = Release|Win32
		{551C6D10-121A-43EA-9BCE-A076DB76D9B1}.Release|x86.Build.0 = Release|Win32
		{FDB50A06-800A-44FB-845D-CDE1249594A8}.Debug|x64.ActiveCfg = Debug|x64
		{FDB50A06-800A-44FB-845D-CDE1249594A8}.Debug|x64.Build.0 = Debug|x64
		{FDB50A06-800A-44FB-845D-CDE1249594A8}.Debug|x86.ActiveCfg = Debug|Win32
		{FDB50A06-800A-44FB-845D-CDE1249594A8}.Debug|x86.Build.0 = Debug|Win32
		{FDB50A06-800A-44FB-845D-CDE1249594A8}.Release|x64.ActiveCfg = Release|x64
		{FDB50A06-800A-44FB-845D-CDE1249594A8}.Release|x64.Build.0 = Release|x64
		{FDB50A06-800A-44FB-845D-CDE1249594A8}.Release|x86.ActiveCfg = Release|Win32
		{FDB50A06-800A-44FB-845D-CDE1249594A8}.Release|x86.Build.0 = Release|Win32
		{4D1C38BF-4780-4349-8C51-32984FE5DDA9}.Debug|x64.ActiveCfg = Debug|x64
		{4D1C38BF-4780-4349-8C51-32984FE5DDA9}.Debug|x64.Build.0 = Debug|x64
		{4D1C38BF-4780-4349-8C51-32984FE5DDA9}.Debug|x86.ActiveCfg = Debug|Win32
		{4D1C38BF-4780-4349-8C51-32984FE5DDA9}.Debug|x86.Build.0 = Debug|Win32
		{4D1C38BF-4780-4349-8C51-32984FE5DDA9}.Release|x64.ActiveCfg = Release|x64
		{4D1C38BF-4780-4349-8C51-32984FE5DDA9}.Release|x64.Build.0 = Release|x64
		{4D1C38BF-4780-4349-8C51-32984FE5DDA9}.Release|x86.ActiveCfg = Release|Win32
		{4D1C38BF-4780-4349-8C51-32984FE5DDA9}.Release|x86.Build.0 = Release|Win32
		{A80F03D7-92FF-47C2-9C02-C87E2D5A2C70}.Debug|x64.ActiveCfg = Debug|x64
		{A80F03D7-92FF-47C2-9C02-C87E2D5A2C70}.Debug|x64.Build.0 = Debug|x64
		{A80F03D7-92FF-47C2-9C02-C87E2D5A2C70}.Debug|x86.ActiveCfg = Debug|Win32
		{A80F03D7-92FF-47C2-9C02-C87E2D5A2C70}.Debug|x86.Build.0 = Debug|Win32
		{A80F03D7-92FF-47C2-9C02-C87E2D5A2C70}.Release|x64.ActiveCfg = Release|x64
		{A80F03D7-92FF-47C2-9C02-C87E2D5A2C70}.Release|x64.Build.0 = Release|x64
		{A80F03D7-92FF-47C2-9C02-C87E2D5A2C70}.Release|x86.ActiveCfg = Release|Win32
		{A80F03D7-92FF-47C2-9C02-C87E2D5A2C70}.Release|x86.Build.0 = Release|Win32
		{2726E22E-F856-42B2-A100-10E9DCF99A39}.Debug|x64.ActiveCfg = Debug|x64
		{2726E22E-F856-42B2-A100-10E9DCF99A39}.Debug|x64.Build.0 = Debug|x64
		{2726E22E-F856-42B2-A100-10E9DCF99A39}.Debug|x86.ActiveCfg = Debug|Win32
		{2726E22E-F856-42B2-A100-10E9DCF99A39}.Debug|x86.Build.0 = Debug|Win32
		{2726E22E-F856-42B2-A100-10E9DCF99A39}.Release|x64.ActiveCfg = Release|x64
		{2726E22E-F856-42B2-A100-10E9DCF99A39}.Release|x64.Build.0 = Release|x64
		{2726E22E-F856-42B2-A100-10E9DCF99A39}.Release|x86.ActiveCfg = Release|Win32
		{2726E22E-F856-42B2-A100-10E9DCF99A39}.Release|x86.Build.0 = Release|Win32
		{341E734C-DC09-4E7A-97CC-B61CD29AB628}.Debug|x64.ActiveCfg = Debug|x64
		{341E734C-DC09-4E7A-97CC-B61CD29AB628}.Debug|x64.Build.0 = Debug|x64
		{341E734C-DC09-4E7A-97CC-B61CD29AB628}.Debug|x86.ActiveCfg = Debug|Win32
		{341E734C-DC09-4E7A-97CC-B61CD29AB628}.Debug|x86.Build.0 = Debug|Win32
		{341E734C-DC09-4E7A-97CC-B61CD29AB628}.Release|x64.ActiveCfg = Release|x64
		{341E734C-DC09-4E7A-97CC-B61CD29AB628}.Release|x64.Build.0 = Release|x64
		{341E734C-DC09-4E7A-97CC-B61CD29AB628}.Release|x86.ActiveCfg = Release|Win32
		{341E734C-DC09-4E7A-97CC-B61CD29AB628}.Release|x86.Build.0 = Release|Win32
		{DE921195-5C9E-4C7D-A79B-B40657A0D485}.Debug|x64.ActiveCfg = Debug|x64
		{DE921195-5C9E-4C7D-A79B-B40657A0D485}.Debug|x64.Build.0 = Debug|x64
		{DE921195-5C9E-4C7D-A79B-B40657A0D485}.Debug|x86.ActiveCfg = Debug|Win32
		{DE921195-5C9E-4C7D-A79B-B40657A0D485}.Debug|x86.Build.0 = Debug|Win32
		{DE921195-5C9E-4C7D-A79B-B40657A0D485}.Release|x64.ActiveCfg = Release|x64
		{DE921195-5C9E-4C7D-A79B-B40657A0D485}.Release|x64.Build.0 = Release|x64
		{DE921195-5C9E-4C7D-A79B-B40657A0D485}.Release|x86.ActiveCfg = Release|Win32
		{DE921195-5C9E-4C7D-A79B-B40657A0D485}.Release|x86.Build.0 = Release|Win32
		{1A74EBD8-696A-42F3-945F-03E66944D877}.Debug|x64.ActiveCfg = Debug|x64
		{1A74EBD8-696A-42F3-945F-03E66944D877}.Debug|x64.Build.0 = Debug|x64
		{1A74EBD8-696A-42F3-945F-03E66944D877}.Debug|x86.ActiveCfg = Debug|Win32
		{1A74EBD8-696A-42F3-945F-03E66944D877}.Debug|x86.Build.0 = Debug|Win32
		{1A74EBD8-696A-42F3-945F-03E66944D877}.Release|x64.ActiveCfg = Release|x64
		{1A74EBD8-696A-42F3-945F-03E66944D877}.Release|x64.Build.0 = Release|x64
		{1A74EBD8-696A-42F3-945F-03E66944D877}.Release|x86.ActiveCfg = Release|Win32
		{1A74EBD8-696A-42F3-945F-03E66944D877}.Release|x86.Build.0 = Release|Win32
		{F53F7C55-17A8-4B03-8823-9960E9912CFE}.Debug|x64.ActiveCfg = Debug|x64
		{F53F7C55-17A8-4B03-8823-9960E9912CFE}.Debug|x64.Build.0 = Debug|x64
		{F53F7C55-17A8-4B03-8823-9960E9912CFE}.Debug|x86.ActiveCfg = Debug|Win32
		{F53F7C55-17A8-4B03-8823-9960E9912CFE}.Debug|x86.Build.0 = Debug|Win32
		{F53F7C55-17A8-4B03-8823-9960E9912CFE}.Release|x64.ActiveCfg = Release|x64
		{F53F7C55-17A8-4B03-8823-9960E9912CFE}.Release|x64.Build.0 = Release|x64
		{F53F7C55-17A8-4B03-8823-9960E9912CFE}.Release|x86.ActiveCfg = Release|Win32
		{F53F7C55-17A8-4B03-8823-9960E9912CFE}.Release|x86.Build.0 = Release|Win32
		{F8F4478D-A73D-41E1-AAE8-7F64E3FE8ED0}.Debug|x64.ActiveCfg = Debug|x64
		{F8F4478D-A73D-41E1-AAE8-7F64E3FE8ED0}.Debug|x64.Build.0 = Debug|x64
		{F8F4478D-A73D-41E1-AAE8-7F64E3FE8ED0}.Debug|x86.ActiveCfg = Debug|Win32
		{F8F4478D-A73D-41E1-AAE8-7F64E3FE8ED0}.Debug|x86.Build.0 = Debug|Win32
		{F8F4478D-A73D-41E1-AAE8-7F64E3FE8ED0}.Release|x64.ActiveCfg = Release|x64
		{F8F4478D-A73D-41E1-AAE8-7F64E3FE8ED0}.Release|x64.Build.0 = Release|x64
		{F8F4478D-A73D-41E1-AAE8-7F64E3FE8ED0}.Release|x86.ActiveCfg = Release|Win32
		{F8F4478D-A73D-41E1-AAE8-7F64E3FE8ED0}.Release|x86.Build.0 = Release|Win32
		{B5F7661B-ADAD-4924-8DFF-0C6FAFE68850}.Debug|x64.ActiveCfg = Debug|x64
		{B5F7661B-ADAD-4924-8DFF-0C6FAFE68850}.Debug|x64.Build.0 = Debug|x64
		{B5F7661B-ADAD-4924-8DFF-0C6FAFE68850}.Debug|x86.ActiveCfg = Debug|Win32
		{B5F7661B-ADAD-4924-8DFF-0C6FAFE68850}.Debug|x86.Build.0 = Debug|Win32
		{B5F7661B-ADAD-4924-8DFF-0C6FAFE68850}.Release|x64.ActiveCfg = Release|x64
		{B5F7661B-ADAD-4924-8DFF-0C6FAFE68850}.Release|x64.Build.0 = Release|x64
		{B5F7661B-ADAD-4924-8DFF-0C6FAFE68850}.Release|x86.ActiveCfg = Release|Win32
		{B5F7661B-ADAD-4924-8DFF-0C6FAFE68850}.Release|x86.Build.0 = Release|Win32
		{7AB62C81-6D3D-466C-87D4-80A86430D6F0}.Debug|x64.ActiveCfg = Debug|x64
		{7AB62C81-6D3D-466C-87D4-80A86430D6F0}.Debug|x64.Build.0 = Debug|x64
		{7AB62C81-6D3D-466C-87D4-80A86430D6F0}.Debug|x86.ActiveCfg = Debug|Win32
		{7AB62C81-6D3D-466C-87D4-80A86430D6F0}.Debug|x86.Build.0 = Debug|Win32
		{7AB62C81-6D3D-466C-87D4-80A86430D6F0}.Release|x64.ActiveCfg = Release|x64
		{7AB62C81-6D3D-466C-87D4-80A86430D6F0}.Release|x64.Build.0 = Release|x64
		{7AB62C81-6D3D-466C-87D4-80A86430D6F0}.Release|x86.ActiveCfg = Release|Win32
		{7AB62C81-6D3D-466C-87D4-80A86430D6F0}.Release|x86.Build.0 = Release|Win32
	EndGlobalSection
	GlobalSection(SolutionProperties) = preSolution
		HideSolutionNode = FALSE
	EndGlobalSection
	GlobalSection(ExtensibilityGlobals) = postSolution
		SolutionGuid = {4132867A-B653-464E-9FB6-F52A680F6FE8}
	EndGlobalSection
EndGlobal
